
Microsoft Visual Studio Solution File, Format Version 12.00
# Visual Studio Version 16
VisualStudioVersion = 16.0.30907.101
MinimumVisualStudioVersion = 10.0.40219.1
Project("{FAE04EC0-301F-11D3-BF4B-00C04F79EFBC}") = "CorporateQnA", "CorporateQnA\CorporateQnA.csproj", "{7C2CF8BF-2BE3-4620-A92D-7AD11DE80906}"
EndProject
Global
	GlobalSection(SolutionConfigurationPlatforms) = preSolution
		Debug|Any CPU = Debug|Any CPU
		Release|Any CPU = Release|Any CPU
	EndGlobalSection
	GlobalSection(ProjectConfigurationPlatforms) = postSolution
		{7C2CF8BF-2BE3-4620-A92D-7AD11DE80906}.Debug|Any CPU.ActiveCfg = Debug|Any CPU
		{7C2CF8BF-2BE3-4620-A92D-7AD11DE80906}.Debug|Any CPU.Build.0 = Debug|Any CPU
		{7C2CF8BF-2BE3-4620-A92D-7AD11DE80906}.Release|Any CPU.ActiveCfg = Release|Any CPU
		{7C2CF8BF-2BE3-4620-A92D-7AD11DE80906}.Release|Any CPU.Build.0 = Release|Any CPU
	EndGlobalSection
	GlobalSection(SolutionProperties) = preSolution
		HideSolutionNode = FALSE
	EndGlobalSection
	GlobalSection(ExtensibilityGlobals) = postSolution
		SolutionGuid = {A07CE447-5437-4593-B47B-6BC1551E47F6}
	EndGlobalSection
EndGlobal
